# THIS IS AN AUTOGENERATED FILE. DO NOT EDIT THIS FILE DIRECTLY.
# yarn lockfile v1


asn1@~0.2.0:
  version "0.2.4"
  resolved "https://registry.yarnpkg.com/asn1/-/asn1-0.2.4.tgz#8d2475dfab553bb33e77b54e59e880bb8ce23136"
  dependencies:
    safer-buffer "~2.1.0"

bcrypt-pbkdf@^1.0.2:
  version "1.0.2"
  resolved "https://registry.yarnpkg.com/bcrypt-pbkdf/-/bcrypt-pbkdf-1.0.2.tgz#a4301d389b6a43f9b67ff3ca11a3f6637e360e9e"
  dependencies:
    tweetnacl "^0.14.3"

node-ssh@^6.0.0:
  version "6.0.0"
  resolved "https://registry.yarnpkg.com/node-ssh/-/node-ssh-6.0.0.tgz#3287bdb3fad4a898064ea1df2d601a65a1c5d724"
  dependencies:
    p-map "^2.1.0"
    sb-promisify "^2.0.1"
    sb-scandir "^2.0.0"
    shell-escape "^0.2.0"
    ssh2 "^0.8.2"

p-map@^1.2.0:
  version "1.2.0"
  resolved "https://registry.yarnpkg.com/p-map/-/p-map-1.2.0.tgz#e4e94f311eabbc8633a1e79908165fca26241b6b"

p-map@^2.1.0:
  version "2.1.0"
  resolved "https://registry.yarnpkg.com/p-map/-/p-map-2.1.0.tgz#310928feef9c9ecc65b68b17693018a665cea175"

safer-buffer@~2.1.0:
  version "2.1.2"
  resolved "https://registry.yarnpkg.com/safer-buffer/-/safer-buffer-2.1.2.tgz#44fa161b0187b9549dd84bb91802f9bd8385cd6a"

sb-promisify@^2.0.1:
  version "2.0.2"
  resolved "https://registry.yarnpkg.com/sb-promisify/-/sb-promisify-2.0.2.tgz#4277a54754488aa9675d886e354db894c9bdc981"

sb-scandir@^2.0.0:
  version "2.0.0"
  resolved "https://registry.yarnpkg.com/sb-scandir/-/sb-scandir-2.0.0.tgz#a02ad1fa44a8bd2bfaf30193d14d23c2f35ab6b2"
  dependencies:
    p-map "^1.2.0"
    sb-promisify "^2.0.1"

shell-escape@^0.2.0:
  version "0.2.0"
  resolved "https://registry.yarnpkg.com/shell-escape/-/shell-escape-0.2.0.tgz#68fd025eb0490b4f567a027f0bf22480b5f84133"

ssh2-streams@~0.4.4:
  version "0.4.4"
  resolved "https://registry.yarnpkg.com/ssh2-streams/-/ssh2-streams-0.4.4.tgz#7f07464c4b19ee93324995ec7164f110c5a13658"
  dependencies:
    asn1 "~0.2.0"
    bcrypt-pbkdf "^1.0.2"
    streamsearch "~0.1.2"

ssh2@^0.8.2:
  version "0.8.4"
  resolved "https://registry.yarnpkg.com/ssh2/-/ssh2-0.8.4.tgz#0a657d9371c1fe9f9e349bcff6144febee256aa6"
  dependencies:
    ssh2-streams "~0.4.4"

streamsearch@~0.1.2:
  version "0.1.2"
  resolved "https://registry.yarnpkg.com/streamsearch/-/streamsearch-0.1.2.tgz#808b9d0e56fc273d809ba57338e929919a1a9f1a"

tweetnacl@^0.14.3:
  version "0.14.5"
  resolved "https://registry.yarnpkg.com/tweetnacl/-/tweetnacl-0.14.5.tgz#5ae68177f192d4456269d108afa93ff8743f4f64"
